{
    "requires": true,
    "lockfileVersion": 1,
    "dependencies": {
        "@fullcalendar/common": {
            "version": "5.11.0",
            "resolved": "https://registry.npmjs.org/@fullcalendar/common/-/common-5.11.0.tgz",
            "integrity": "sha512-gWjbMAnN1u73Oqlgjbyky7i+3bY0hvFSnGT0YBPx44n874AkQa9e9OU12PMLTMOPy0tXPb8DEwRelFQ7CJNbcw==",
            "requires": {
                "tslib": "^2.1.0"
            }
        },
        "@fullcalendar/core": {
            "version": "5.11.0",
            "resolved": "https://registry.npmjs.org/@fullcalendar/core/-/core-5.11.0.tgz",
            "integrity": "sha512-cF/d9LuJb/6xw14ms0urv1H4BiA70c4jrufe/EuVzLR6qTDpK92IZ3JK7GVtZtzptfTYZ/NQgDV9YCzIaO9Blw==",
            "requires": {
                "@fullcalendar/common": "~5.11.0",
                "preact": "^10.0.5",
                "tslib": "^2.1.0"
            }
        },
        "@fullcalendar/premium-common": {
            "version": "5.11.0",
            "resolved": "https://registry.npmjs.org/@fullcalendar/premium-common/-/premium-common-5.11.0.tgz",
            "integrity": "sha512-XVLJwJQ26EhuglBM1flmrKtNt0BEUBHoazko/wvMiz5Yz17eABKQreFTidipOwjL3s74ifQzDoYpkQVn8TzpZQ==",
            "requires": {
                "@fullcalendar/common": "~5.11.0",
                "tslib": "^2.1.0"
            }
        },
        "@fullcalendar/resource-common": {
            "version": "5.11.0",
            "resolved": "https://registry.npmjs.org/@fullcalendar/resource-common/-/resource-common-5.11.0.tgz",
            "integrity": "sha512-zO6UK9IKo7O8Uj5Y1t9sLMsLyNmxAliriAlz/NNhk//O/yGmQZ5MQOgVDg2qCZpDOWgQeuSZOkTTJdud5ISe2Q==",
            "requires": {
                "@fullcalendar/common": "~5.11.0",
                "@fullcalendar/premium-common": "~5.11.0",
                "tslib": "^2.1.0"
            }
        },
        "@fullcalendar/resource-timeline": {
            "version": "5.11.0",
            "resolved": "https://registry.npmjs.org/@fullcalendar/resource-timeline/-/resource-timeline-5.11.0.tgz",
            "integrity": "sha512-+40sKEQj/ig6oh+8/FZPaFYtqI4e9wa/2XT2MTtzwDr3modHU0mQChlpcY8WQ+c6kyPjVwhO89BFiv2OeilLWw==",
            "requires": {
                "@fullcalendar/common": "~5.11.0",
                "@fullcalendar/premium-common": "~5.11.0",
                "@fullcalendar/resource-common": "~5.11.0",
                "@fullcalendar/scrollgrid": "~5.11.0",
                "@fullcalendar/timeline": "~5.11.0",
                "tslib": "^2.1.0"
            }
        },
        "@fullcalendar/scrollgrid": {
            "version": "5.11.0",
            "resolved": "https://registry.npmjs.org/@fullcalendar/scrollgrid/-/scrollgrid-5.11.0.tgz",
            "integrity": "sha512-OPwLGLr0YF2qQYa9K1vPIGsodfAqPnugcwKLwnkiLprC2UybnPaIXvY6xMAHyVWSiBaeJSmkQ0J8mZDmfKjdTw==",
            "requires": {
                "@fullcalendar/common": "~5.11.0",
                "@fullcalendar/premium-common": "~5.11.0",
                "tslib": "^2.1.0"
            }
        },
        "@fullcalendar/timeline": {
            "version": "5.11.0",
            "resolved": "https://registry.npmjs.org/@fullcalendar/timeline/-/timeline-5.11.0.tgz",
            "integrity": "sha512-2mASvwsXMR42Vlvwjnb5w0OvMDf8z2WCZXpLCd11lP/b+ZYOosCrJZZQWpzNfWYf7Y4Sqjo7q+YMPxnJqlichg==",
            "requires": {
                "@fullcalendar/common": "~5.11.0",
                "@fullcalendar/premium-common": "~5.11.0",
                "@fullcalendar/scrollgrid": "~5.11.0",
                "tslib": "^2.1.0"
            }
        },
        "@hotwired/stimulus": {
            "version": "3.0.1",
            "resolved": "https://registry.npmjs.org/@hotwired/stimulus/-/stimulus-3.0.1.tgz",
            "integrity": "sha512-oHsJhgY2cip+K2ED7vKUNd2P+BEswVhrCYcJ802DSsblJFv7mPFVk3cQKvm2vHgHeDVdnj7oOKrBbzp1u8D+KA==",
            "dev": true
        },
        "@hotwired/stimulus-webpack-helpers": {
            "version": "1.0.1",
            "resolved": "https://registry.npmjs.org/@hotwired/stimulus-webpack-helpers/-/stimulus-webpack-helpers-1.0.1.tgz",
            "integrity": "sha512-wa/zupVG0eWxRYJjC1IiPBdt3Lruv0RqGN+/DTMmUWUyMAEB27KXmVY6a8YpUVTM7QwVuaLNGW4EqDgrS2upXQ==",
            "dev": true
        },
        "@symfony/stimulus-bridge": {
            "version": "3.1.0",
            "resolved": "https://registry.npmjs.org/@symfony/stimulus-bridge/-/stimulus-bridge-3.1.0.tgz",
            "integrity": "sha512-24ENJnGm7KrXsBWuOtg+Av5Rdt/EYravv2AthOKYIIXzd3FhygRAjOdbJicOv1nJOGS0gGqeBme57QEOoG86bw==",
            "dev": true,
            "requires": {
                "@hotwired/stimulus-webpack-helpers": "^1.0.1",
                "acorn": "^8.0.5",
                "loader-utils": "^2.0.0",
                "schema-utils": "^3.0.0"
            }
        },
        "@types/json-schema": {
            "version": "7.0.11",
            "resolved": "https://registry.npmjs.org/@types/json-schema/-/json-schema-7.0.11.tgz",
            "integrity": "sha512-wOuvG1SN4Us4rez+tylwwwCV1psiNVOkJeM3AUWUNWg/jDQY2+HE/444y5gc+jBmRqASOm2Oeh5c1axHobwRKQ==",
            "dev": true
        },
        "acorn": {
            "version": "8.7.1",
            "resolved": "https://registry.npmjs.org/acorn/-/acorn-8.7.1.tgz",
            "integrity": "sha512-Xx54uLJQZ19lKygFXOWsscKUbsBZW0CPykPhVQdhIeIwrbPmJzqeASDInc8nKBnp/JT6igTs82qPXz069H8I/A==",
            "dev": true
        },
        "ajv": {
            "version": "6.12.6",
            "resolved": "https://registry.npmjs.org/ajv/-/ajv-6.12.6.tgz",
            "integrity": "sha512-j3fVLgvTo527anyYyJOGTYJbG+vnnQYvE0m5mmkc1TK+nxAppkCLMIL0aZ4dblVCNoGShhm+kzE4ZUykBoMg4g==",
            "dev": true,
            "requires": {
                "fast-deep-equal": "^3.1.1",
                "fast-json-stable-stringify": "^2.0.0",
                "json-schema-traverse": "^0.4.1",
                "uri-js": "^4.2.2"
            }
        },
        "ajv-keywords": {
            "version": "3.5.2",
            "resolved": "https://registry.npmjs.org/ajv-keywords/-/ajv-keywords-3.5.2.tgz",
            "integrity": "sha512-5p6WTN0DdTGVQk6VjcEju19IgaHudalcfabD7yhDGeA6bcQnmL+CpveLJq/3hvfwd1aof6L386Ougkx6RfyMIQ==",
            "dev": true
        },
        "big.js": {
            "version": "5.2.2",
            "resolved": "https://registry.npmjs.org/big.js/-/big.js-5.2.2.tgz",
            "integrity": "sha512-vyL2OymJxmarO8gxMr0mhChsO9QGwhynfuu4+MHTAW6czfq9humCB7rKpUjDd9YUiDPU4mzpyupFSvOClAwbmQ==",
            "dev": true
        },
        "core-js": {
            "version": "3.22.5",
            "resolved": "https://registry.npmjs.org/core-js/-/core-js-3.22.5.tgz",
            "integrity": "sha512-VP/xYuvJ0MJWRAobcmQ8F2H6Bsn+s7zqAAjFaHGBMc5AQm7zaelhD1LGduFn2EehEcQcU+br6t+fwbpQ5d1ZWA==",
            "dev": true
        },
        "emojis-list": {
            "version": "3.0.0",
            "resolved": "https://registry.npmjs.org/emojis-list/-/emojis-list-3.0.0.tgz",
            "integrity": "sha512-/kyM18EfinwXZbno9FyUGeFh87KC8HRQBQGildHZbEuRyWFOmv1U10o9BBp8XVZDVNNuQKyIGIu5ZYAAXJ0V2Q==",
            "dev": true
        },
        "fast-deep-equal": {
            "version": "3.1.3",
            "resolved": "https://registry.npmjs.org/fast-deep-equal/-/fast-deep-equal-3.1.3.tgz",
            "integrity": "sha512-f3qQ9oQy9j2AhBe/H9VC91wLmKBCCU/gDOnKNAYG5hswO7BLKj09Hc5HYNz9cGI++xlpDCIgDaitVs03ATR84Q==",
            "dev": true
        },
        "fast-json-stable-stringify": {
            "version": "2.1.0",
            "resolved": "https://registry.npmjs.org/fast-json-stable-stringify/-/fast-json-stable-stringify-2.1.0.tgz",
            "integrity": "sha512-lhd/wF+Lk98HZoTCtlVraHtfh5XYijIjalXck7saUtuanSDyLMxnHhSXEDJqHxD7msR8D0uCmqlkwjCV8xvwHw==",
            "dev": true
        },
        "json-schema-traverse": {
            "version": "0.4.1",
            "resolved": "https://registry.npmjs.org/json-schema-traverse/-/json-schema-traverse-0.4.1.tgz",
            "integrity": "sha512-xbbCH5dCYU5T8LcEhhuh7HJ88HXuW3qsI3Y0zOZFKfZEHcpWiHU/Jxzk629Brsab/mMiHQti9wMP+845RPe3Vg==",
            "dev": true
        },
        "json5": {
            "version": "2.2.1",
            "resolved": "https://registry.npmjs.org/json5/-/json5-2.2.1.tgz",
            "integrity": "sha512-1hqLFMSrGHRHxav9q9gNjJ5EXznIxGVO09xQRrwplcS8qs28pZ8s8hupZAmqDwZUmVZ2Qb2jnyPOWcDH8m8dlA==",
            "dev": true
        },
        "loader-utils": {
            "version": "2.0.2",
            "resolved": "https://registry.npmjs.org/loader-utils/-/loader-utils-2.0.2.tgz",
            "integrity": "sha512-TM57VeHptv569d/GKh6TAYdzKblwDNiumOdkFnejjD0XwTH87K90w3O7AiJRqdQoXygvi1VQTJTLGhJl7WqA7A==",
            "dev": true,
            "requires": {
                "big.js": "^5.2.2",
                "emojis-list": "^3.0.0",
                "json5": "^2.1.2"
            }
        },
        "preact": {
            "version": "10.7.1",
            "resolved": "https://registry.npmjs.org/preact/-/preact-10.7.1.tgz",
            "integrity": "sha512-MufnRFz39aIhs9AMFisonjzTud1PK1bY+jcJLo6m2T9Uh8AqjD77w11eAAawmjUogoGOnipECq7e/1RClIKsxg=="
        },
        "punycode": {
            "version": "2.1.1",
            "resolved": "https://registry.npmjs.org/punycode/-/punycode-2.1.1.tgz",
            "integrity": "sha512-XRsRjdf+j5ml+y/6GKHPZbrF/8p2Yga0JPtdqTIY2Xe5ohJPD9saDJJLPvp9+NSBprVvevdXZybnj2cv8OEd0A==",
            "dev": true
        },
        "regenerator-runtime": {
            "version": "0.13.9",
            "resolved": "https://registry.npmjs.org/regenerator-runtime/-/regenerator-runtime-0.13.9.tgz",
            "integrity": "sha512-p3VT+cOEgxFsRRA9X4lkI1E+k2/CtnKtU4gcxyaCUreilL/vqI6CdZ3wxVUx3UOUg+gnUOQQcRI7BmSI656MYA==",
            "dev": true
        },
        "schema-utils": {
            "version": "3.1.1",
            "resolved": "https://registry.npmjs.org/schema-utils/-/schema-utils-3.1.1.tgz",
            "integrity": "sha512-Y5PQxS4ITlC+EahLuXaY86TXfR7Dc5lw294alXOq86JAHCihAIZfqv8nNCWvaEJvaC51uN9hbLGeV0cFBdH+Fw==",
            "dev": true,
            "requires": {
                "@types/json-schema": "^7.0.8",
                "ajv": "^6.12.5",
                "ajv-keywords": "^3.5.2"
            }
        },
        "tslib": {
            "version": "2.4.0",
            "resolved": "https://registry.npmjs.org/tslib/-/tslib-2.4.0.tgz",
            "integrity": "sha512-d6xOpEDfsi2CZVlPQzGeux8XMwLT9hssAsaPYExaQMuYskwb+x1x7J371tWlbBdWHroy99KnVB6qIkUbs5X3UQ=="
        },
        "uri-js": {
            "version": "4.4.1",
            "resolved": "https://registry.npmjs.org/uri-js/-/uri-js-4.4.1.tgz",
            "integrity": "sha512-7rKUyy33Q1yc98pQ1DAmLtwX109F7TIfWlW1Ydo8Wl1ii1SeHieeh0HHfPeL2fMXK6z0s8ecKs9frCuLJvndBg==",
            "dev": true,
            "requires": {
                "punycode": "^2.1.0"
            }
        }
    }
}
